
Microsoft Visual Studio Solution File, Format Version 12.00
# Visual Studio Version 17
VisualStudioVersion = 17.0.31903.59
MinimumVisualStudioVersion = 10.0.40219.1
Project("{FAE04EC0-301F-11D3-BF4B-00C04F79EFBC}") = "Mediator", "src\Mediator\Mediator.csproj", "{75EBF978-CAA5-DE98-E24C-6FC053203D1C}"
EndProject
Project("{FAE04EC0-301F-11D3-BF4B-00C04F79EFBC}") = "Mediator.Tests", "src\tests\Mediator.Tests.csproj", "{E6D4A24A-9946-1FEC-AE8F-CF816AD5E10E}"
EndProject
Project("{FAE04EC0-301F-11D3-BF4B-00C04F79EFBC}") = "Mediator.Benchmarks", "src\benchmarks\Mediator.Benchmarks.csproj", "{E42BE3D9-E857-4EC9-58E5-87DF848B9ABC}"
EndProject
Project("{2150E333-8FDC-42A3-9474-1A3956D46DE8}") = "src", "src", "{827E0CD3-B72D-47B6-A68D-7590B98EB39B}"
EndProject
Project("{FAE04EC0-301F-11D3-BF4B-00C04F79EFBC}") = "Mediator.SourceGenerator", "src\Mediator.SourceGenerator\Mediator.SourceGenerator.csproj", "{CC79AA91-4144-450B-A5C0-C9A9C7662EC3}"
EndProject
Project("{2150E333-8FDC-42A3-9474-1A3956D46DE8}") = "generator-tests", "generator-tests", "{5683BCB2-5695-14A9-C8BE-515315C6932B}"
EndProject
Project("{FAE04EC0-301F-11D3-BF4B-00C04F79EFBC}") = "Mediator.SourceGenerator.Tests", "src\generator-tests\Mediator.SourceGenerator.Tests.csproj", "{3DCF9BC5-9DED-474E-9E58-BAB52E5DB846}"
EndProject
Project("{2150E333-8FDC-42A3-9474-1A3956D46DE8}") = "samples", "samples", "{5D20AA90-6969-D8BD-9DCD-8634F4692FDA}"
EndProject
Project("{FAE04EC0-301F-11D3-BF4B-00C04F79EFBC}") = "Mediator.AotSample", "samples\Mediator.AotSample\Mediator.AotSample.csproj", "{DB532030-127C-4DED-98B4-828600588292}"
EndProject
Project("{2150E333-8FDC-42A3-9474-1A3956D46DE8}") = "tests-aot", "tests-aot", "{56BF81D3-72A3-61A4-4483-9892FF175A90}"
EndProject
Project("{FAE04EC0-301F-11D3-BF4B-00C04F79EFBC}") = "Mediator.Tests.Aot", "src\tests-aot\Mediator.Tests.Aot.csproj", "{BE13B917-8931-4FD8-BE73-1C4CEBDEA203}"
EndProject
Global
	GlobalSection(SolutionConfigurationPlatforms) = preSolution
		Debug|Any CPU = Debug|Any CPU
		Debug|x64 = Debug|x64
		Debug|x86 = Debug|x86
		Release|Any CPU = Release|Any CPU
		Release|x64 = Release|x64
		Release|x86 = Release|x86
	EndGlobalSection
	GlobalSection(ProjectConfigurationPlatforms) = postSolution
		{75EBF978-CAA5-DE98-E24C-6FC053203D1C}.Debug|Any CPU.ActiveCfg = Debug|Any CPU
		{75EBF978-CAA5-DE98-E24C-6FC053203D1C}.Debug|Any CPU.Build.0 = Debug|Any CPU
		{75EBF978-CAA5-DE98-E24C-6FC053203D1C}.Debug|x64.ActiveCfg = Debug|Any CPU
		{75EBF978-CAA5-DE98-E24C-6FC053203D1C}.Debug|x64.Build.0 = Debug|Any CPU
		{75EBF978-CAA5-DE98-E24C-6FC053203D1C}.Debug|x86.ActiveCfg = Debug|Any CPU
		{75EBF978-CAA5-DE98-E24C-6FC053203D1C}.Debug|x86.Build.0 = Debug|Any CPU
		{75EBF978-CAA5-DE98-E24C-6FC053203D1C}.Release|Any CPU.ActiveCfg = Release|Any CPU
		{75EBF978-CAA5-DE98-E24C-6FC053203D1C}.Release|Any CPU.Build.0 = Release|Any CPU
		{75EBF978-CAA5-DE98-E24C-6FC053203D1C}.Release|x64.ActiveCfg = Release|Any CPU
		{75EBF978-CAA5-DE98-E24C-6FC053203D1C}.Release|x64.Build.0 = Release|Any CPU
		{75EBF978-CAA5-DE98-E24C-6FC053203D1C}.Release|x86.ActiveCfg = Release|Any CPU
		{75EBF978-CAA5-DE98-E24C-6FC053203D1C}.Release|x86.Build.0 = Release|Any CPU
		{E6D4A24A-9946-1FEC-AE8F-CF816AD5E10E}.Debug|Any CPU.ActiveCfg = Debug|Any CPU
		{E6D4A24A-9946-1FEC-AE8F-CF816AD5E10E}.Debug|Any CPU.Build.0 = Debug|Any CPU
		{E6D4A24A-9946-1FEC-AE8F-CF816AD5E10E}.Debug|x64.ActiveCfg = Debug|Any CPU
		{E6D4A24A-9946-1FEC-AE8F-CF816AD5E10E}.Debug|x64.Build.0 = Debug|Any CPU
		{E6D4A24A-9946-1FEC-AE8F-CF816AD5E10E}.Debug|x86.ActiveCfg = Debug|Any CPU
		{E6D4A24A-9946-1FEC-AE8F-CF816AD5E10E}.Debug|x86.Build.0 = Debug|Any CPU
		{E6D4A24A-9946-1FEC-AE8F-CF816AD5E10E}.Release|Any CPU.ActiveCfg = Release|Any CPU
		{E6D4A24A-9946-1FEC-AE8F-CF816AD5E10E}.Release|Any CPU.Build.0 = Release|Any CPU
		{E6D4A24A-9946-1FEC-AE8F-CF816AD5E10E}.Release|x64.ActiveCfg = Release|Any CPU
		{E6D4A24A-9946-1FEC-AE8F-CF816AD5E10E}.Release|x64.Build.0 = Release|Any CPU
		{E6D4A24A-9946-1FEC-AE8F-CF816AD5E10E}.Release|x86.ActiveCfg = Release|Any CPU
		{E6D4A24A-9946-1FEC-AE8F-CF816AD5E10E}.Release|x86.Build.0 = Release|Any CPU
		{E42BE3D9-E857-4EC9-58E5-87DF848B9ABC}.Debug|Any CPU.ActiveCfg = Debug|Any CPU
		{E42BE3D9-E857-4EC9-58E5-87DF848B9ABC}.Debug|Any CPU.Build.0 = Debug|Any CPU
		{E42BE3D9-E857-4EC9-58E5-87DF848B9ABC}.Debug|x64.ActiveCfg = Debug|Any CPU
		{E42BE3D9-E857-4EC9-58E5-87DF848B9ABC}.Debug|x64.Build.0 = Debug|Any CPU
		{E42BE3D9-E857-4EC9-58E5-87DF848B9ABC}.Debug|x86.ActiveCfg = Debug|Any CPU
		{E42BE3D9-E857-4EC9-58E5-87DF848B9ABC}.Debug|x86.Build.0 = Debug|Any CPU
		{E42BE3D9-E857-4EC9-58E5-87DF848B9ABC}.Release|Any CPU.ActiveCfg = Release|Any CPU
		{E42BE3D9-E857-4EC9-58E5-87DF848B9ABC}.Release|Any CPU.Build.0 = Release|Any CPU
		{E42BE3D9-E857-4EC9-58E5-87DF848B9ABC}.Release|x64.ActiveCfg = Release|Any CPU
		{E42BE3D9-E857-4EC9-58E5-87DF848B9ABC}.Release|x64.Build.0 = Release|Any CPU
		{E42BE3D9-E857-4EC9-58E5-87DF848B9ABC}.Release|x86.ActiveCfg = Release|Any CPU
		{E42BE3D9-E857-4EC9-58E5-87DF848B9ABC}.Release|x86.Build.0 = Release|Any CPU
		{CC79AA91-4144-450B-A5C0-C9A9C7662EC3}.Debug|Any CPU.ActiveCfg = Debug|Any CPU
		{CC79AA91-4144-450B-A5C0-C9A9C7662EC3}.Debug|Any CPU.Build.0 = Debug|Any CPU
		{CC79AA91-4144-450B-A5C0-C9A9C7662EC3}.Debug|x64.ActiveCfg = Debug|Any CPU
		{CC79AA91-4144-450B-A5C0-C9A9C7662EC3}.Debug|x64.Build.0 = Debug|Any CPU
		{CC79AA91-4144-450B-A5C0-C9A9C7662EC3}.Debug|x86.ActiveCfg = Debug|Any CPU
		{CC79AA91-4144-450B-A5C0-C9A9C7662EC3}.Debug|x86.Build.0 = Debug|Any CPU
		{CC79AA91-4144-450B-A5C0-C9A9C7662EC3}.Release|Any CPU.ActiveCfg = Release|Any CPU
		{CC79AA91-4144-450B-A5C0-C9A9C7662EC3}.Release|Any CPU.Build.0 = Release|Any CPU
		{CC79AA91-4144-450B-A5C0-C9A9C7662EC3}.Release|x64.ActiveCfg = Release|Any CPU
		{CC79AA91-4144-450B-A5C0-C9A9C7662EC3}.Release|x64.Build.0 = Release|Any CPU
		{CC79AA91-4144-450B-A5C0-C9A9C7662EC3}.Release|x86.ActiveCfg = Release|Any CPU
		{CC79AA91-4144-450B-A5C0-C9A9C7662EC3}.Release|x86.Build.0 = Release|Any CPU
		{3DCF9BC5-9DED-474E-9E58-BAB52E5DB846}.Debug|Any CPU.ActiveCfg = Debug|Any CPU
		{3DCF9BC5-9DED-474E-9E58-BAB52E5DB846}.Debug|Any CPU.Build.0 = Debug|Any CPU
		{3DCF9BC5-9DED-474E-9E58-BAB52E5DB846}.Debug|x64.ActiveCfg = Debug|Any CPU
		{3DCF9BC5-9DED-474E-9E58-BAB52E5DB846}.Debug|x64.Build.0 = Debug|Any CPU
		{3DCF9BC5-9DED-474E-9E58-BAB52E5DB846}.Debug|x86.ActiveCfg = Debug|Any CPU
		{3DCF9BC5-9DED-474E-9E58-BAB52E5DB846}.Debug|x86.Build.0 = Debug|Any CPU
		{3DCF9BC5-9DED-474E-9E58-BAB52E5DB846}.Release|Any CPU.ActiveCfg = Release|Any CPU
		{3DCF9BC5-9DED-474E-9E58-BAB52E5DB846}.Release|Any CPU.Build.0 = Release|Any CPU
		{3DCF9BC5-9DED-474E-9E58-BAB52E5DB846}.Release|x64.ActiveCfg = Release|Any CPU
		{3DCF9BC5-9DED-474E-9E58-BAB52E5DB846}.Release|x64.Build.0 = Release|Any CPU
		{3DCF9BC5-9DED-474E-9E58-BAB52E5DB846}.Release|x86.ActiveCfg = Release|Any CPU
		{3DCF9BC5-9DED-474E-9E58-BAB52E5DB846}.Release|x86.Build.0 = Release|Any CPU
		{DB532030-127C-4DED-98B4-828600588292}.Debug|Any CPU.ActiveCfg = Debug|Any CPU
		{DB532030-127C-4DED-98B4-828600588292}.Debug|Any CPU.Build.0 = Debug|Any CPU
		{DB532030-127C-4DED-98B4-828600588292}.Debug|x64.ActiveCfg = Debug|Any CPU
		{DB532030-127C-4DED-98B4-828600588292}.Debug|x64.Build.0 = Debug|Any CPU
		{DB532030-127C-4DED-98B4-828600588292}.Debug|x86.ActiveCfg = Debug|Any CPU
		{DB532030-127C-4DED-98B4-828600588292}.Debug|x86.Build.0 = Debug|Any CPU
		{DB532030-127C-4DED-98B4-828600588292}.Release|Any CPU.ActiveCfg = Release|Any CPU
		{DB532030-127C-4DED-98B4-828600588292}.Release|Any CPU.Build.0 = Release|Any CPU
		{DB532030-127C-4DED-98B4-828600588292}.Release|x64.ActiveCfg = Release|Any CPU
		{DB532030-127C-4DED-98B4-828600588292}.Release|x64.Build.0 = Release|Any CPU
		{DB532030-127C-4DED-98B4-828600588292}.Release|x86.ActiveCfg = Release|Any CPU
		{DB532030-127C-4DED-98B4-828600588292}.Release|x86.Build.0 = Release|Any CPU
		{BE13B917-8931-4FD8-BE73-1C4CEBDEA203}.Debug|Any CPU.ActiveCfg = Debug|Any CPU
		{BE13B917-8931-4FD8-BE73-1C4CEBDEA203}.Debug|Any CPU.Build.0 = Debug|Any CPU
		{BE13B917-8931-4FD8-BE73-1C4CEBDEA203}.Debug|x64.ActiveCfg = Debug|Any CPU
		{BE13B917-8931-4FD8-BE73-1C4CEBDEA203}.Debug|x64.Build.0 = Debug|Any CPU
		{BE13B917-8931-4FD8-BE73-1C4CEBDEA203}.Debug|x86.ActiveCfg = Debug|Any CPU
		{BE13B917-8931-4FD8-BE73-1C4CEBDEA203}.Debug|x86.Build.0 = Debug|Any CPU
		{BE13B917-8931-4FD8-BE73-1C4CEBDEA203}.Release|Any CPU.ActiveCfg = Release|Any CPU
		{BE13B917-8931-4FD8-BE73-1C4CEBDEA203}.Release|Any CPU.Build.0 = Release|Any CPU
		{BE13B917-8931-4FD8-BE73-1C4CEBDEA203}.Release|x64.ActiveCfg = Release|Any CPU
		{BE13B917-8931-4FD8-BE73-1C4CEBDEA203}.Release|x64.Build.0 = Release|Any CPU
		{BE13B917-8931-4FD8-BE73-1C4CEBDEA203}.Release|x86.ActiveCfg = Release|Any CPU
		{BE13B917-8931-4FD8-BE73-1C4CEBDEA203}.Release|x86.Build.0 = Release|Any CPU
	EndGlobalSection
	GlobalSection(SolutionProperties) = preSolution
		HideSolutionNode = FALSE
	EndGlobalSection
	GlobalSection(NestedProjects) = preSolution
		{CC79AA91-4144-450B-A5C0-C9A9C7662EC3} = {827E0CD3-B72D-47B6-A68D-7590B98EB39B}
		{5683BCB2-5695-14A9-C8BE-515315C6932B} = {827E0CD3-B72D-47B6-A68D-7590B98EB39B}
		{3DCF9BC5-9DED-474E-9E58-BAB52E5DB846} = {5683BCB2-5695-14A9-C8BE-515315C6932B}
		{DB532030-127C-4DED-98B4-828600588292} = {5D20AA90-6969-D8BD-9DCD-8634F4692FDA}
		{56BF81D3-72A3-61A4-4483-9892FF175A90} = {827E0CD3-B72D-47B6-A68D-7590B98EB39B}
		{BE13B917-8931-4FD8-BE73-1C4CEBDEA203} = {56BF81D3-72A3-61A4-4483-9892FF175A90}
	EndGlobalSection
	GlobalSection(ExtensibilityGlobals) = postSolution
		SolutionGuid = {8FA5E52D-CDF8-4400-9C05-036DCFDE2E74}
	EndGlobalSection
EndGlobal
